
Microsoft Visual Studio Solution File, Format Version 12.00
# Visual Studio Version 17
VisualStudioVersion = 17.0.31903.59
MinimumVisualStudioVersion = 10.0.40219.1
Project("{FAE04EC0-301F-11D3-BF4B-00C04F79EFBC}") = "Autohaendler.Domain", "Autohaendler.Domain\Autohaendler.Domain.csproj", "{5AF9C71E-EC00-4F41-9201-0D4AD160382E}"
EndProject
Project("{FAE04EC0-301F-11D3-BF4B-00C04F79EFBC}") = "Autohaendler.Infrastructure", "Autohaendler.Infrastructure\Autohaendler.Infrastructure.csproj", "{3FD158B3-CC9E-4639-8450-285D9337C61D}"
EndProject
Project("{FAE04EC0-301F-11D3-BF4B-00C04F79EFBC}") = "Autohaendler.Application", "Autohaendler.Application\Autohaendler.Application.csproj", "{2CC55478-616B-4985-A313-0EE30F02A9D0}"
EndProject
Project("{FAE04EC0-301F-11D3-BF4B-00C04F79EFBC}") = "Autohaendler.Api", "Autohaendler.Api\Autohaendler.Api.csproj", "{F404DEB5-6E90-4498-BD51-D072577B28FB}"
EndProject
Global
	GlobalSection(SolutionConfigurationPlatforms) = preSolution
		Debug|Any CPU = Debug|Any CPU
		Release|Any CPU = Release|Any CPU
	EndGlobalSection
	GlobalSection(SolutionProperties) = preSolution
		HideSolutionNode = FALSE
	EndGlobalSection
	GlobalSection(ProjectConfigurationPlatforms) = postSolution
		{5AF9C71E-EC00-4F41-9201-0D4AD160382E}.Debug|Any CPU.ActiveCfg = Debug|Any CPU
		{5AF9C71E-EC00-4F41-9201-0D4AD160382E}.Debug|Any CPU.Build.0 = Debug|Any CPU
		{5AF9C71E-EC00-4F41-9201-0D4AD160382E}.Release|Any CPU.ActiveCfg = Release|Any CPU
		{5AF9C71E-EC00-4F41-9201-0D4AD160382E}.Release|Any CPU.Build.0 = Release|Any CPU
		{3FD158B3-CC9E-4639-8450-285D9337C61D}.Debug|Any CPU.ActiveCfg = Debug|Any CPU
		{3FD158B3-CC9E-4639-8450-285D9337C61D}.Debug|Any CPU.Build.0 = Debug|Any CPU
		{3FD158B3-CC9E-4639-8450-285D9337C61D}.Release|Any CPU.ActiveCfg = Release|Any CPU
		{3FD158B3-CC9E-4639-8450-285D9337C61D}.Release|Any CPU.Build.0 = Release|Any CPU
		{2CC55478-616B-4985-A313-0EE30F02A9D0}.Debug|Any CPU.ActiveCfg = Debug|Any CPU
		{2CC55478-616B-4985-A313-0EE30F02A9D0}.Debug|Any CPU.Build.0 = Debug|Any CPU
		{2CC55478-616B-4985-A313-0EE30F02A9D0}.Release|Any CPU.ActiveCfg = Release|Any CPU
		{2CC55478-616B-4985-A313-0EE30F02A9D0}.Release|Any CPU.Build.0 = Release|Any CPU
		{F404DEB5-6E90-4498-BD51-D072577B28FB}.Debug|Any CPU.ActiveCfg = Debug|Any CPU
		{F404DEB5-6E90-4498-BD51-D072577B28FB}.Debug|Any CPU.Build.0 = Debug|Any CPU
		{F404DEB5-6E90-4498-BD51-D072577B28FB}.Release|Any CPU.ActiveCfg = Release|Any CPU
		{F404DEB5-6E90-4498-BD51-D072577B28FB}.Release|Any CPU.Build.0 = Release|Any CPU
	EndGlobalSection
EndGlobal
